
Microsoft Visual Studio Solution File, Format Version 12.00
# Visual Studio Version 17
VisualStudioVersion = 17.3.32825.248
MinimumVisualStudioVersion = 10.0.40219.1
Project("{FAE04EC0-301F-11D3-BF4B-00C04F79EFBC}") = "MadlibHays", "MadlibHays\MadlibHays.csproj", "{44A47E15-1EBC-4DF5-817B-7E1970F490EA}"
EndProject
Global
	GlobalSection(SolutionConfigurationPlatforms) = preSolution
		Debug|Any CPU = Debug|Any CPU
		Release|Any CPU = Release|Any CPU
	EndGlobalSection
	GlobalSection(ProjectConfigurationPlatforms) = postSolution
		{44A47E15-1EBC-4DF5-817B-7E1970F490EA}.Debug|Any CPU.ActiveCfg = Debug|Any CPU
		{44A47E15-1EBC-4DF5-817B-7E1970F490EA}.Debug|Any CPU.Build.0 = Debug|Any CPU
		{44A47E15-1EBC-4DF5-817B-7E1970F490EA}.Release|Any CPU.ActiveCfg = Release|Any CPU
		{44A47E15-1EBC-4DF5-817B-7E1970F490EA}.Release|Any CPU.Build.0 = Release|Any CPU
	EndGlobalSection
	GlobalSection(SolutionProperties) = preSolution
		HideSolutionNode = FALSE
	EndGlobalSection
	GlobalSection(ExtensibilityGlobals) = postSolution
		SolutionGuid = {23DCBA26-5036-4823-B88D-DDADC158F1FF}
	EndGlobalSection
EndGlobal
