
Microsoft Visual Studio Solution File, Format Version 12.00
# Visual Studio Version 17
VisualStudioVersion = 17.3.32819.101
MinimumVisualStudioVersion = 10.0.40219.1
Project("{FAE04EC0-301F-11D3-BF4B-00C04F79EFBC}") = "GuessingGame", "GuessingGame\GuessingGame.csproj", "{1B491E83-8DA4-4CE3-B6E8-1CC7CB9B7D13}"
EndProject
Global
	GlobalSection(SolutionConfigurationPlatforms) = preSolution
		Debug|Any CPU = Debug|Any CPU
		Release|Any CPU = Release|Any CPU
	EndGlobalSection
	GlobalSection(ProjectConfigurationPlatforms) = postSolution
		{1B491E83-8DA4-4CE3-B6E8-1CC7CB9B7D13}.Debug|Any CPU.ActiveCfg = Debug|Any CPU
		{1B491E83-8DA4-4CE3-B6E8-1CC7CB9B7D13}.Debug|Any CPU.Build.0 = Debug|Any CPU
		{1B491E83-8DA4-4CE3-B6E8-1CC7CB9B7D13}.Release|Any CPU.ActiveCfg = Release|Any CPU
		{1B491E83-8DA4-4CE3-B6E8-1CC7CB9B7D13}.Release|Any CPU.Build.0 = Release|Any CPU
	EndGlobalSection
	GlobalSection(SolutionProperties) = preSolution
		HideSolutionNode = FALSE
	EndGlobalSection
	GlobalSection(ExtensibilityGlobals) = postSolution
		SolutionGuid = {0020A2B8-503E-4EC7-A79A-ED8BE6AFC172}
	EndGlobalSection
EndGlobal
